
Microsoft Visual Studio Solution File, Format Version 12.00
# Visual Studio Version 17
VisualStudioVersion = 17.2.32519.379
MinimumVisualStudioVersion = 10.0.40219.1
Project("{9A19103F-16F7-4668-BE54-9A1E7A4F7556}") = "QuizApp", "QuizApp\QuizApp.csproj", "{26C54C98-F7EC-446C-ACE5-8917F24136BD}"
EndProject
Project("{9A19103F-16F7-4668-BE54-9A1E7A4F7556}") = "QuizApp.DataAccessLayer", "QuizApp.DataAccessLayer\QuizApp.DataAccessLayer.csproj", "{A22F7D16-4EBA-4C68-BCB1-8F269CF273EB}"
EndProject
Project("{9A19103F-16F7-4668-BE54-9A1E7A4F7556}") = "QuizApp.Models", "QuizApp.Models\QuizApp.Models.csproj", "{6FFA1230-DD38-4FE0-BEE4-B316CE91272D}"
EndProject
Global
	GlobalSection(SolutionConfigurationPlatforms) = preSolution
		Debug|Any CPU = Debug|Any CPU
		Release|Any CPU = Release|Any CPU
	EndGlobalSection
	GlobalSection(ProjectConfigurationPlatforms) = postSolution
		{26C54C98-F7EC-446C-ACE5-8917F24136BD}.Debug|Any CPU.ActiveCfg = Debug|Any CPU
		{26C54C98-F7EC-446C-ACE5-8917F24136BD}.Debug|Any CPU.Build.0 = Debug|Any CPU
		{26C54C98-F7EC-446C-ACE5-8917F24136BD}.Release|Any CPU.ActiveCfg = Release|Any CPU
		{26C54C98-F7EC-446C-ACE5-8917F24136BD}.Release|Any CPU.Build.0 = Release|Any CPU
		{A22F7D16-4EBA-4C68-BCB1-8F269CF273EB}.Debug|Any CPU.ActiveCfg = Debug|Any CPU
		{A22F7D16-4EBA-4C68-BCB1-8F269CF273EB}.Debug|Any CPU.Build.0 = Debug|Any CPU
		{A22F7D16-4EBA-4C68-BCB1-8F269CF273EB}.Release|Any CPU.ActiveCfg = Release|Any CPU
		{A22F7D16-4EBA-4C68-BCB1-8F269CF273EB}.Release|Any CPU.Build.0 = Release|Any CPU
		{6FFA1230-DD38-4FE0-BEE4-B316CE91272D}.Debug|Any CPU.ActiveCfg = Debug|Any CPU
		{6FFA1230-DD38-4FE0-BEE4-B316CE91272D}.Debug|Any CPU.Build.0 = Debug|Any CPU
		{6FFA1230-DD38-4FE0-BEE4-B316CE91272D}.Release|Any CPU.ActiveCfg = Release|Any CPU
		{6FFA1230-DD38-4FE0-BEE4-B316CE91272D}.Release|Any CPU.Build.0 = Release|Any CPU
	EndGlobalSection
	GlobalSection(SolutionProperties) = preSolution
		HideSolutionNode = FALSE
	EndGlobalSection
	GlobalSection(ExtensibilityGlobals) = postSolution
		SolutionGuid = {52374638-C2AC-4269-8E43-19F92268DBB4}
	EndGlobalSection
EndGlobal
